{
  "version": "5",
  "remote": {
    "https://edge.netlify.com/": "fd941d61d88673d5f28aab283fb86fcc50f08a3bc80ee5470498fcfa88c65cfb",
    "https://edge.netlify.com/bootstrap/config.ts": "6a2ce0e544e15e8f8883a5c18da5948e37fd0f2619f68cb31f3af53c51817025",
    "https://edge.netlify.com/bootstrap/context.ts": "e97240232121e2f369f6546ce961490f34d961ea1ea54be3ff09633e3f08373f",
    "https://edge.netlify.com/bootstrap/cookie.ts": "8b0baae708989ca183c6f3b4ab3d029e6abcbc2e43f93edeb0ff447b3bbc3a05",
    "https://edge.netlify.com/bootstrap/edge_function.ts": "b8253e86aa83c67341f5cfedeba5049d77fbf84dcab7eceff7566b7728ae9b39",
    "https://edge.netlify.com/bootstrap/globals/types.ts": "eaa6148ded3121d8dee62dd91c86e7fe76601df0f3ca8d7962243a30f4c8935f"
  },
  "workspace": {
    "packageJson": {
      "dependencies": [
        "npm:@anthropic-ai/sdk@~0.32.1",
        "npm:@aws-sdk/client-s3@^3.700.0",
        "npm:@aws-sdk/client-textract@^3.700.0",
        "npm:@eslint/eslintrc@^3.3.5",
        "npm:@hookform/resolvers@^3.9.1",
        "npm:@playwright/test@^1.49.1",
        "npm:@react-pdf/renderer@^4.1.5",
        "npm:@sentry/nextjs@^8.45.0",
        "npm:@supabase/ssr@~0.5.2",
        "npm:@supabase/supabase-js@^2.46.2",
        "npm:@t3-oss/env-nextjs@~0.11.1",
        "npm:@tailwindcss/postcss@^4.0.0-beta.8",
        "npm:@testing-library/jest-dom@^6.6.3",
        "npm:@testing-library/react@^16.1.0",
        "npm:@types/node@^22.10.2",
        "npm:@types/pdf-parse@^1.1.4",
        "npm:@types/react-dom@^19.0.2",
        "npm:@types/react@^19.0.1",
        "npm:@vitejs/plugin-react@^4.3.4",
        "npm:class-variance-authority@~0.7.1",
        "npm:clsx@^2.1.1",
        "npm:date-fns@^4.1.0",
        "npm:eslint-config-next@^15.1.0",
        "npm:eslint@^9.17.0",
        "npm:inngest@^3.27.5",
        "npm:jsdom@^25.0.1",
        "npm:lucide-react@0.468",
        "npm:next@^15.1.0",
        "npm:pdf-lib@^1.17.1",
        "npm:pdf-parse@^1.1.1",
        "npm:pdfjs-dist@^4.9.155",
        "npm:playwright@^1.49.1",
        "npm:posthog-js@^1.198.0",
        "npm:posthog-node@^4.3.2",
        "npm:prettier-plugin-tailwindcss@~0.6.9",
        "npm:prettier@^3.4.2",
        "npm:react-dom@19",
        "npm:react-hook-form@^7.54.1",
        "npm:react@19",
        "npm:resend@^4.0.1",
        "npm:sonner@^2.0.7",
        "npm:stripe@^17.5.0",
        "npm:tailwind-merge@^2.5.5",
        "npm:tailwindcss@^4.0.0-beta.8",
        "npm:tsx@^4.19.2",
        "npm:typescript@^5.7.2",
        "npm:vitest@^2.1.8",
        "npm:zod@^3.24.1"
      ]
    }
  }
}
